
Microsoft Visual Studio Solution File, Format Version 12.00
# Visual Studio Version 16
VisualStudioVersion = 16.0.30114.105
MinimumVisualStudioVersion = 10.0.40219.1
Project("{FAE04EC0-301F-11D3-BF4B-00C04F79EFBC}") = "SquadFighters.Server", "SquadFighters.Server.csproj", "{A8EA4BC9-9E05-46E6-9E9B-CCF00D57BB40}"
EndProject
Global
	GlobalSection(SolutionConfigurationPlatforms) = preSolution
		Debug|Any CPU = Debug|Any CPU
		Release|Any CPU = Release|Any CPU
	EndGlobalSection
	GlobalSection(ProjectConfigurationPlatforms) = postSolution
		{A8EA4BC9-9E05-46E6-9E9B-CCF00D57BB40}.Debug|Any CPU.ActiveCfg = Debug|Any CPU
		{A8EA4BC9-9E05-46E6-9E9B-CCF00D57BB40}.Debug|Any CPU.Build.0 = Debug|Any CPU
		{A8EA4BC9-9E05-46E6-9E9B-CCF00D57BB40}.Release|Any CPU.ActiveCfg = Release|Any CPU
		{A8EA4BC9-9E05-46E6-9E9B-CCF00D57BB40}.Release|Any CPU.Build.0 = Release|Any CPU
	EndGlobalSection
	GlobalSection(SolutionProperties) = preSolution
		HideSolutionNode = FALSE
	EndGlobalSection
	GlobalSection(ExtensibilityGlobals) = postSolution
		SolutionGuid = {EAB1E910-39F5-4630-A8EC-F2EA2415D8B3}
	EndGlobalSection
EndGlobal

